
Microsoft Visual Studio Solution File, Format Version 12.00
# Visual Studio Version 16
VisualStudioVersion = 16.0.31729.503
MinimumVisualStudioVersion = 10.0.40219.1
Project("{FAE04EC0-301F-11D3-BF4B-00C04F79EFBC}") = "GenaratorAddress", "GenaratorAddress\GenaratorAddress.csproj", "{B3BDBCF4-5678-47F7-A4A1-490FCA30BA99}"
EndProject
Global
	GlobalSection(SolutionConfigurationPlatforms) = preSolution
		Debug|Any CPU = Debug|Any CPU
		Release|Any CPU = Release|Any CPU
	EndGlobalSection
	GlobalSection(ProjectConfigurationPlatforms) = postSolution
		{B3BDBCF4-5678-47F7-A4A1-490FCA30BA99}.Debug|Any CPU.ActiveCfg = Debug|Any CPU
		{B3BDBCF4-5678-47F7-A4A1-490FCA30BA99}.Debug|Any CPU.Build.0 = Debug|Any CPU
		{B3BDBCF4-5678-47F7-A4A1-490FCA30BA99}.Release|Any CPU.ActiveCfg = Release|Any CPU
		{B3BDBCF4-5678-47F7-A4A1-490FCA30BA99}.Release|Any CPU.Build.0 = Release|Any CPU
	EndGlobalSection
	GlobalSection(SolutionProperties) = preSolution
		HideSolutionNode = FALSE
	EndGlobalSection
	GlobalSection(ExtensibilityGlobals) = postSolution
		SolutionGuid = {129FE711-3385-421B-9278-B65C44F93C74}
	EndGlobalSection
EndGlobal
